
Microsoft Visual Studio Solution File, Format Version 12.00
# Visual Studio Version 17
VisualStudioVersion = 17.7.34018.315
MinimumVisualStudioVersion = 10.0.40219.1
Project("{9A19103F-16F7-4668-BE54-9A1E7A4F7556}") = "Psychrometrics_Engine", "Psychrometrics_Engine\Psychrometrics_Engine.csproj", "{80667C5F-30A3-467C-8A1A-F27AF0963D9E}"
EndProject
Global
	GlobalSection(SolutionConfigurationPlatforms) = preSolution
		Debug|Any CPU = Debug|Any CPU
		Release|Any CPU = Release|Any CPU
	EndGlobalSection
	GlobalSection(ProjectConfigurationPlatforms) = postSolution
		{80667C5F-30A3-467C-8A1A-F27AF0963D9E}.Debug|Any CPU.ActiveCfg = Debug|Any CPU
		{80667C5F-30A3-467C-8A1A-F27AF0963D9E}.Debug|Any CPU.Build.0 = Debug|Any CPU
		{80667C5F-30A3-467C-8A1A-F27AF0963D9E}.Release|Any CPU.ActiveCfg = Release|Any CPU
		{80667C5F-30A3-467C-8A1A-F27AF0963D9E}.Release|Any CPU.Build.0 = Release|Any CPU
	EndGlobalSection
	GlobalSection(SolutionProperties) = preSolution
		HideSolutionNode = FALSE
	EndGlobalSection
	GlobalSection(ExtensibilityGlobals) = postSolution
		SolutionGuid = {14422774-1ED3-4275-A58B-45F72848D544}
	EndGlobalSection
EndGlobal
